
Microsoft Visual Studio Solution File, Format Version 11.00
# Visual Studio 2010
Project("{FAE04EC0-301F-11D3-BF4B-00C04F79EFBC}") = "Assembly-CSharp", "Assembly-CSharp.csproj", "{78255A4E-D47F-21A9-8108-6E3B8B2F6523}"
EndProject
Project("{FAE04EC0-301F-11D3-BF4B-00C04F79EFBC}") = "Assembly-CSharp-Editor", "Assembly-CSharp-Editor.csproj", "{CE21E0E9-A4DB-05B7-9282-070F3CF08709}"
EndProject
Global
	GlobalSection(SolutionConfigurationPlatforms) = preSolution
		Debug|Any CPU = Debug|Any CPU
		Release|Any CPU = Release|Any CPU
	EndGlobalSection
	GlobalSection(ProjectConfigurationPlatforms) = postSolution
		{78255A4E-D47F-21A9-8108-6E3B8B2F6523}.Debug|Any CPU.ActiveCfg = Debug|Any CPU
		{78255A4E-D47F-21A9-8108-6E3B8B2F6523}.Debug|Any CPU.Build.0 = Debug|Any CPU
		{78255A4E-D47F-21A9-8108-6E3B8B2F6523}.Release|Any CPU.ActiveCfg = Release|Any CPU
		{78255A4E-D47F-21A9-8108-6E3B8B2F6523}.Release|Any CPU.Build.0 = Release|Any CPU
		{CE21E0E9-A4DB-05B7-9282-070F3CF08709}.Debug|Any CPU.ActiveCfg = Debug|Any CPU
		{CE21E0E9-A4DB-05B7-9282-070F3CF08709}.Debug|Any CPU.Build.0 = Debug|Any CPU
		{CE21E0E9-A4DB-05B7-9282-070F3CF08709}.Release|Any CPU.ActiveCfg = Release|Any CPU
		{CE21E0E9-A4DB-05B7-9282-070F3CF08709}.Release|Any CPU.Build.0 = Release|Any CPU
	EndGlobalSection
	GlobalSection(SolutionProperties) = preSolution
		HideSolutionNode = FALSE
	EndGlobalSection
	GlobalSection(MonoDevelopProperties) = preSolution
		StartupItem = Assembly-CSharp.csproj
	EndGlobalSection
EndGlobal
